{
  "name": "Full-Stack-Project-Assessment",
  "version": "1.0.0",
  "lockfileVersion": 3,
  "requires": true,
  "author": "",
  "description": "",
  "keywords": [],
  "license": "ISC",
  "main": "index.js",
  "packages": {},
  "devDependencies": {
    "nodemon": "^2.0.7"
  },
  "scripts": {
    "dev": "nodemon server.js",
    "server": "node server.js"
  }
}
